{
  "name": "petris",
  "version": "0.0.0",
  "lockfileVersion": 1,
  "requires": true,
  "dependencies": {
    "@babel/parser": {
      "version": "7.22.16",
      "resolved": "https://registry.npmjs.org/@babel/parser/-/parser-7.22.16.tgz",
      "integrity": "sha512-+gPfKv8UWeKKeJTUxe59+OobVcrYHETCsORl61EmSkmgymguYk/X5bp7GuUIXaFsc6y++v8ZxPsLSSuujqDphA=="
    },
    "@esbuild/android-arm": {
      "version": "0.18.20",
      "resolved": "https://registry.npmjs.org/@esbuild/android-arm/-/android-arm-0.18.20.tgz",
      "integrity": "sha512-fyi7TDI/ijKKNZTUJAQqiG5T7YjJXgnzkURqmGj13C6dCqckZBLdl4h7bkhHt/t0WP+zO9/zwroDvANaOqO5Sw==",
      "dev": true,
      "optional": true
    },
    "@esbuild/android-arm64": {
      "version": "0.18.20",
      "resolved": "https://registry.npmjs.org/@esbuild/android-arm64/-/android-arm64-0.18.20.tgz",
      "integrity": "sha512-Nz4rJcchGDtENV0eMKUNa6L12zz2zBDXuhj/Vjh18zGqB44Bi7MBMSXjgunJgjRhCmKOjnPuZp4Mb6OKqtMHLQ==",
      "dev": true,
      "optional": true
    },
    "@esbuild/android-x64": {
      "version": "0.18.20",
      "resolved": "https://registry.npmjs.org/@esbuild/android-x64/-/android-x64-0.18.20.tgz",
      "integrity": "sha512-8GDdlePJA8D6zlZYJV/jnrRAi6rOiNaCC/JclcXpB+KIuvfBN4owLtgzY2bsxnx666XjJx2kDPUmnTtR8qKQUg==",
      "dev": true,
      "optional": true
    },
    "@esbuild/darwin-arm64": {
      "version": "0.18.20",
      "resolved": "https://registry.npmjs.org/@esbuild/darwin-arm64/-/darwin-arm64-0.18.20.tgz",
      "integrity": "sha512-bxRHW5kHU38zS2lPTPOyuyTm+S+eobPUnTNkdJEfAddYgEcll4xkT8DB9d2008DtTbl7uJag2HuE5NZAZgnNEA==",
      "dev": true,
      "optional": true
    },
    "@esbuild/darwin-x64": {
      "version": "0.18.20",
      "resolved": "https://registry.npmjs.org/@esbuild/darwin-x64/-/darwin-x64-0.18.20.tgz",
      "integrity": "sha512-pc5gxlMDxzm513qPGbCbDukOdsGtKhfxD1zJKXjCCcU7ju50O7MeAZ8c4krSJcOIJGFR+qx21yMMVYwiQvyTyQ==",
      "dev": true,
      "optional": true
    },
    "@esbuild/freebsd-arm64": {
      "version": "0.18.20",
      "resolved": "https://registry.npmjs.org/@esbuild/freebsd-arm64/-/freebsd-arm64-0.18.20.tgz",
      "integrity": "sha512-yqDQHy4QHevpMAaxhhIwYPMv1NECwOvIpGCZkECn8w2WFHXjEwrBn3CeNIYsibZ/iZEUemj++M26W3cNR5h+Tw==",
      "dev": true,
      "optional": true
    },
    "@esbuild/freebsd-x64": {
      "version": "0.18.20",
      "resolved": "https://registry.npmjs.org/@esbuild/freebsd-x64/-/freebsd-x64-0.18.20.tgz",
      "integrity": "sha512-tgWRPPuQsd3RmBZwarGVHZQvtzfEBOreNuxEMKFcd5DaDn2PbBxfwLcj4+aenoh7ctXcbXmOQIn8HI6mCSw5MQ==",
      "dev": true,
      "optional": true
    },
    "@esbuild/linux-arm": {
      "version": "0.18.20",
      "resolved": "https://registry.npmjs.org/@esbuild/linux-arm/-/linux-arm-0.18.20.tgz",
      "integrity": "sha512-/5bHkMWnq1EgKr1V+Ybz3s1hWXok7mDFUMQ4cG10AfW3wL02PSZi5kFpYKrptDsgb2WAJIvRcDm+qIvXf/apvg==",
      "dev": true,
      "optional": true
    },
    "@esbuild/linux-arm64": {
      "version": "0.18.20",
      "resolved": "https://registry.npmjs.org/@esbuild/linux-arm64/-/linux-arm64-0.18.20.tgz",
      "integrity": "sha512-2YbscF+UL7SQAVIpnWvYwM+3LskyDmPhe31pE7/aoTMFKKzIc9lLbyGUpmmb8a8AixOL61sQ/mFh3jEjHYFvdA==",
      "dev": true,
      "optional": true
    },
    "@esbuild/linux-ia32": {
      "version": "0.18.20",
      "resolved": "https://registry.npmjs.org/@esbuild/linux-ia32/-/linux-ia32-0.18.20.tgz",
      "integrity": "sha512-P4etWwq6IsReT0E1KHU40bOnzMHoH73aXp96Fs8TIT6z9Hu8G6+0SHSw9i2isWrD2nbx2qo5yUqACgdfVGx7TA==",
      "dev": true,
      "optional": true
    },
    "@esbuild/linux-loong64": {
      "version": "0.18.20",
      "resolved": "https://registry.npmjs.org/@esbuild/linux-loong64/-/linux-loong64-0.18.20.tgz",
      "integrity": "sha512-nXW8nqBTrOpDLPgPY9uV+/1DjxoQ7DoB2N8eocyq8I9XuqJ7BiAMDMf9n1xZM9TgW0J8zrquIb/A7s3BJv7rjg==",
      "dev": true,
      "optional": true
    },
    "@esbuild/linux-mips64el": {
      "version": "0.18.20",
      "resolved": "https://registry.npmjs.org/@esbuild/linux-mips64el/-/linux-mips64el-0.18.20.tgz",
      "integrity": "sha512-d5NeaXZcHp8PzYy5VnXV3VSd2D328Zb+9dEq5HE6bw6+N86JVPExrA6O68OPwobntbNJ0pzCpUFZTo3w0GyetQ==",
      "dev": true,
      "optional": true
    },
    "@esbuild/linux-ppc64": {
      "version": "0.18.20",
      "resolved": "https://registry.npmjs.org/@esbuild/linux-ppc64/-/linux-ppc64-0.18.20.tgz",
      "integrity": "sha512-WHPyeScRNcmANnLQkq6AfyXRFr5D6N2sKgkFo2FqguP44Nw2eyDlbTdZwd9GYk98DZG9QItIiTlFLHJHjxP3FA==",
      "dev": true,
      "optional": true
    },
    "@esbuild/linux-riscv64": {
      "version": "0.18.20",
      "resolved": "https://registry.npmjs.org/@esbuild/linux-riscv64/-/linux-riscv64-0.18.20.tgz",
      "integrity": "sha512-WSxo6h5ecI5XH34KC7w5veNnKkju3zBRLEQNY7mv5mtBmrP/MjNBCAlsM2u5hDBlS3NGcTQpoBvRzqBcRtpq1A==",
      "dev": true,
      "optional": true
    },
    "@esbuild/linux-s390x": {
      "version": "0.18.20",
      "resolved": "https://registry.npmjs.org/@esbuild/linux-s390x/-/linux-s390x-0.18.20.tgz",
      "integrity": "sha512-+8231GMs3mAEth6Ja1iK0a1sQ3ohfcpzpRLH8uuc5/KVDFneH6jtAJLFGafpzpMRO6DzJ6AvXKze9LfFMrIHVQ==",
      "dev": true,
      "optional": true
    },
    "@esbuild/linux-x64": {
      "version": "0.18.20",
      "resolved": "https://registry.npmjs.org/@esbuild/linux-x64/-/linux-x64-0.18.20.tgz",
      "integrity": "sha512-UYqiqemphJcNsFEskc73jQ7B9jgwjWrSayxawS6UVFZGWrAAtkzjxSqnoclCXxWtfwLdzU+vTpcNYhpn43uP1w==",
      "dev": true,
      "optional": true
    },
    "@esbuild/netbsd-x64": {
      "version": "0.18.20",
      "resolved": "https://registry.npmjs.org/@esbuild/netbsd-x64/-/netbsd-x64-0.18.20.tgz",
      "integrity": "sha512-iO1c++VP6xUBUmltHZoMtCUdPlnPGdBom6IrO4gyKPFFVBKioIImVooR5I83nTew5UOYrk3gIJhbZh8X44y06A==",
      "dev": true,
      "optional": true
    },
    "@esbuild/openbsd-x64": {
      "version": "0.18.20",
      "resolved": "https://registry.npmjs.org/@esbuild/openbsd-x64/-/openbsd-x64-0.18.20.tgz",
      "integrity": "sha512-e5e4YSsuQfX4cxcygw/UCPIEP6wbIL+se3sxPdCiMbFLBWu0eiZOJ7WoD+ptCLrmjZBK1Wk7I6D/I3NglUGOxg==",
      "dev": true,
      "optional": true
    },
    "@esbuild/sunos-x64": {
      "version": "0.18.20",
      "resolved": "https://registry.npmjs.org/@esbuild/sunos-x64/-/sunos-x64-0.18.20.tgz",
      "integrity": "sha512-kDbFRFp0YpTQVVrqUd5FTYmWo45zGaXe0X8E1G/LKFC0v8x0vWrhOWSLITcCn63lmZIxfOMXtCfti/RxN/0wnQ==",
      "dev": true,
      "optional": true
    },
    "@esbuild/win32-arm64": {
      "version": "0.18.20",
      "resolved": "https://registry.npmjs.org/@esbuild/win32-arm64/-/win32-arm64-0.18.20.tgz",
      "integrity": "sha512-ddYFR6ItYgoaq4v4JmQQaAI5s7npztfV4Ag6NrhiaW0RrnOXqBkgwZLofVTlq1daVTQNhtI5oieTvkRPfZrePg==",
      "dev": true,
      "optional": true
    },
    "@esbuild/win32-ia32": {
      "version": "0.18.20",
      "resolved": "https://registry.npmjs.org/@esbuild/win32-ia32/-/win32-ia32-0.18.20.tgz",
      "integrity": "sha512-Wv7QBi3ID/rROT08SABTS7eV4hX26sVduqDOTe1MvGMjNd3EjOz4b7zeexIR62GTIEKrfJXKL9LFxTYgkyeu7g==",
      "dev": true,
      "optional": true
    },
    "@esbuild/win32-x64": {
      "version": "0.18.20",
      "resolved": "https://registry.npmjs.org/@esbuild/win32-x64/-/win32-x64-0.18.20.tgz",
      "integrity": "sha512-kTdfRcSiDfQca/y9QIkng02avJ+NCaQvrMejlsB3RRv5sE9rRoeBPISaZpKxHELzRxZyLvNts1P27W3wV+8geQ==",
      "dev": true,
      "optional": true
    },
    "@jridgewell/sourcemap-codec": {
      "version": "1.4.15",
      "resolved": "https://registry.npmjs.org/@jridgewell/sourcemap-codec/-/sourcemap-codec-1.4.15.tgz",
      "integrity": "sha512-eF2rxCRulEKXHTRiDrDy6erMYWqNw4LPdQ8UQA4huuxaQsVeRPFl2oM8oDGxMFhJUWZf9McpLtJasDDZb/Bpeg=="
    },
    "@pixi/accessibility": {
      "version": "7.3.0",
      "resolved": "https://registry.npmjs.org/@pixi/accessibility/-/accessibility-7.3.0.tgz",
      "integrity": "sha512-NgKl84HLkUsWK0Bd06okhsERsHteVzuTANi3Jd01QDqfNCz0qAfpjn4dPviUmqwbqu4zMuc3FRwWKDHszoa9aw=="
    },
    "@pixi/app": {
      "version": "7.3.0",
      "resolved": "https://registry.npmjs.org/@pixi/app/-/app-7.3.0.tgz",
      "integrity": "sha512-dBXI4o36vgjoXVYkuiDPQcIsSuI3LUHQ6ycfqnX7jXlbGX5x1310O1WZfYENN18S3njm6WCtOdNTxDoHAo9NHw=="
    },
    "@pixi/assets": {
      "version": "7.3.0",
      "resolved": "https://registry.npmjs.org/@pixi/assets/-/assets-7.3.0.tgz",
      "integrity": "sha512-eIbvOMFwWKRUuOrFwTy9UDVrAY95o5OlwOHnxAmeYhn6VTchua/oAeeaAYJyJqjyw+ONFsLWE1cFX6uEKHM2Sw==",
      "requires": {
        "@types/css-font-loading-module": "^0.0.7"
      }
    },
    "@pixi/color": {
      "version": "7.3.0",
      "resolved": "https://registry.npmjs.org/@pixi/color/-/color-7.3.0.tgz",
      "integrity": "sha512-qwgsP+cQhw0QjvouvAslpJ3g7DUMwKLUrXF6Nv+G4GhgVC2Z03CsCfWgUxLxKPD3WadB6FacdRIGx6o2TywB+A==",
      "requires": {
        "colord": "^2.9.3"
      }
    },
    "@pixi/compressed-textures": {
      "version": "7.3.0",
      "resolved": "https://registry.npmjs.org/@pixi/compressed-textures/-/compressed-textures-7.3.0.tgz",
      "integrity": "sha512-bxs8Fh/tPkC2jD+GZhnQvpW/qpuFq4PspApCFTClmwGhGfYlIRUExexwn+y0akKCIgBikNniLt0hATxBqw4ABQ=="
    },
    "@pixi/constants": {
      "version": "7.3.0",
      "resolved": "https://registry.npmjs.org/@pixi/constants/-/constants-7.3.0.tgz",
      "integrity": "sha512-zRBX5RAxm14zs7/sse/eXSrFzbv2XPEJwj2fQga+4hI7tAsXazYgGFl3CMlDET5mW9rXUSxROE0dvnLe9DcYRQ=="
    },
    "@pixi/core": {
      "version": "7.3.0",
      "resolved": "https://registry.npmjs.org/@pixi/core/-/core-7.3.0.tgz",
      "integrity": "sha512-ZgFdlqOZfijfgvWMi6ZuQey2m3U+ik8GUD7MsLn96Gtg7UQGwmcEsEB2MZ7f7TUoLkMAOlxb0aXEHzdV/+v1zg==",
      "requires": {
        "@pixi/color": "7.3.0",
        "@pixi/constants": "7.3.0",
        "@pixi/extensions": "7.3.0",
        "@pixi/math": "7.3.0",
        "@pixi/runner": "7.3.0",
        "@pixi/settings": "7.3.0",
        "@pixi/ticker": "7.3.0",
        "@pixi/utils": "7.3.0",
        "@types/offscreencanvas": "^2019.6.4"
      }
    },
    "@pixi/display": {
      "version": "7.3.0",
      "resolved": "https://registry.npmjs.org/@pixi/display/-/display-7.3.0.tgz",
      "integrity": "sha512-YQJZEcQo/0BIhvAaKrG68w01HYhPMwyPLj0Rvw30J4sW4uer/vf50IEAkM80rdQIUowqjUvatUYRW/r+owomXg=="
    },
    "@pixi/events": {
      "version": "7.3.0",
      "resolved": "https://registry.npmjs.org/@pixi/events/-/events-7.3.0.tgz",
      "integrity": "sha512-8nBmX1I6CQovn63uf2Q/6m1lg1Jw9ygdVGgCQCxF7uF7+PDu6vNhLl2uTv+tLs9v9fooRe9ddtTsIvK0P2v4fQ=="
    },
    "@pixi/extensions": {
      "version": "7.3.0",
      "resolved": "https://registry.npmjs.org/@pixi/extensions/-/extensions-7.3.0.tgz",
      "integrity": "sha512-kr0nia7yvPLIXqBeOKLUXcOoxRG5yCxIPUtXvsFSrrmJvqsXsyg4l9cH0CS/I9yTb67/ks5wjzieUdwNf8pfTg=="
    },
    "@pixi/extract": {
      "version": "7.3.0",
      "resolved": "https://registry.npmjs.org/@pixi/extract/-/extract-7.3.0.tgz",
      "integrity": "sha512-3CpGgu7I+4EVbEp/HU91nyTHKVUql5o/nik0hM+z402tlBbrbLejNAhoJ/Foq3L49n6SkpM2G8KN6d+G4Rn+jg=="
    },
    "@pixi/filter-alpha": {
      "version": "7.3.0",
      "resolved": "https://registry.npmjs.org/@pixi/filter-alpha/-/filter-alpha-7.3.0.tgz",
      "integrity": "sha512-J/Zzs8ajqGc94St1WMJV03f8IHNSDrPi3s0D6vTNfm64YqBxXMpmeuPzArP/AG47ObDGrKJFRUhkv9VFNix62w=="
    },
    "@pixi/filter-blur": {
      "version": "7.3.0",
      "resolved": "https://registry.npmjs.org/@pixi/filter-blur/-/filter-blur-7.3.0.tgz",
      "integrity": "sha512-21YUauI05m6yqvW1bugVAzCfc1q4OSfkv353G3/s+cXGjkk/hTcA+ShSENcJnSJouZpjs0XHavXDtvvHBg30fA=="
    },
    "@pixi/filter-color-matrix": {
      "version": "7.3.0",
      "resolved": "https://registry.npmjs.org/@pixi/filter-color-matrix/-/filter-color-matrix-7.3.0.tgz",
      "integrity": "sha512-vUcn+l5w21J57Z4tGaWW9DTys9gSqiPdj8gpcl5APnjNVyYUuD1n+NRl+OAk/6v4BTU7I2iLnr6zIgWCucDz9Q=="
    },
    "@pixi/filter-displacement": {
      "version": "7.3.0",
      "resolved": "https://registry.npmjs.org/@pixi/filter-displacement/-/filter-displacement-7.3.0.tgz",
      "integrity": "sha512-7YQtsB/YSHmhAPlK9oFMsEzWPm6TyQ9nr539osVIfrKq/xHuPRLxHYpJafL6MvAGQWocUUPiqCy4zkad9qsjWA=="
    },
    "@pixi/filter-fxaa": {
      "version": "7.3.0",
      "resolved": "https://registry.npmjs.org/@pixi/filter-fxaa/-/filter-fxaa-7.3.0.tgz",
      "integrity": "sha512-IHomJnQ4VZ8ihZ+P7E86g2FcfxzEfBGq956gQ3UPYb0DW6fTMnvxzIuI9z+ElfuihdyAl7dR69xmwuwF3mqm0Q=="
    },
    "@pixi/filter-noise": {
      "version": "7.3.0",
      "resolved": "https://registry.npmjs.org/@pixi/filter-noise/-/filter-noise-7.3.0.tgz",
      "integrity": "sha512-en6LUe0tNyzidcK7ByHbHm98Hh5/LlycBiFVrTjnk++ANZSrbAg3Wd+KRGITSy2BggrOcnpcJ1Ixd8sGejZEUA=="
    },
    "@pixi/graphics": {
      "version": "7.3.0",
      "resolved": "https://registry.npmjs.org/@pixi/graphics/-/graphics-7.3.0.tgz",
      "integrity": "sha512-+5yyv8z4sZDxvdyYbGn/DeR1EdSD+ieXf9N3BS2puoxmrM5blMUzZCoY4vFCeF+r59VpB0ildYl3APzwMdRCLw=="
    },
    "@pixi/math": {
      "version": "7.3.0",
      "resolved": "https://registry.npmjs.org/@pixi/math/-/math-7.3.0.tgz",
      "integrity": "sha512-3gM1MffXlDM8bFNl+D1ndq4W1Gn7quRvxbAZ9RUp7Zvoqcud/0c/VcxngM2st+IXeFf8htlKxytkotMKk5gQxA=="
    },
    "@pixi/mesh": {
      "version": "7.3.0",
      "resolved": "https://registry.npmjs.org/@pixi/mesh/-/mesh-7.3.0.tgz",
      "integrity": "sha512-TZqYmWiONuIIFzt+XL1+lnUFMHhiyJUyT5pNcW/mB1Kfg9vGIebgNbml+Ut6Rghe6B1ntereRyCyEpr+hLbbWg=="
    },
    "@pixi/mesh-extras": {
      "version": "7.3.0",
      "resolved": "https://registry.npmjs.org/@pixi/mesh-extras/-/mesh-extras-7.3.0.tgz",
      "integrity": "sha512-SxTrfQ8gzFru2DPv2dlEelignSBf6gN1taSVweAKs9HKfGi6hXYDbtQYQ9b21dsecXZYnrpL04kcY+QukOUVqQ=="
    },
    "@pixi/mixin-cache-as-bitmap": {
      "version": "7.3.0",
      "resolved": "https://registry.npmjs.org/@pixi/mixin-cache-as-bitmap/-/mixin-cache-as-bitmap-7.3.0.tgz",
      "integrity": "sha512-Wck2Ro+832pZ4Wu6N3vptF2J0XveQ9W3dBfGGSPHCLypSZgZ9T2hvbF6WyzZShQFKBo+oeKhnX+Nf+fb8v81Rg=="
    },
    "@pixi/mixin-get-child-by-name": {
      "version": "7.3.0",
      "resolved": "https://registry.npmjs.org/@pixi/mixin-get-child-by-name/-/mixin-get-child-by-name-7.3.0.tgz",
      "integrity": "sha512-CQ+cy59Oy5nVFCC3c/hYa73bmY0qlsbpax3sMrwaF4q/33o0ymPS50dBQvfu26l5OcK3UoE5XzR3fdB3H8lcHg=="
    },
    "@pixi/mixin-get-global-position": {
      "version": "7.3.0",
      "resolved": "https://registry.npmjs.org/@pixi/mixin-get-global-position/-/mixin-get-global-position-7.3.0.tgz",
      "integrity": "sha512-mM3UzWy9zFEz7o4LHlVUt3WJBAk57ZrPHwE8S5VgUrppiwHAdsLryoRwbTJkSAtW2gz+D2sLYbE6YkMdO76eVg=="
    },
    "@pixi/particle-container": {
      "version": "7.3.0",
      "resolved": "https://registry.npmjs.org/@pixi/particle-container/-/particle-container-7.3.0.tgz",
      "integrity": "sha512-7pHVmn4FlHBRlHUuLM+L/+viv1AbZBfHH6Q7tJu1dWHBenlqd81VZINW7YdzMLdkQpcT5eRm+xLyjBxGqCZNFw=="
    },
    "@pixi/prepare": {
      "version": "7.3.0",
      "resolved": "https://registry.npmjs.org/@pixi/prepare/-/prepare-7.3.0.tgz",
      "integrity": "sha512-WI/sWB+OHomJrLo9ATknmOagBLDGn5TccVRBSltW1lLre6i0X+eYTDLovQyTQq3JNmR2VsTEuwMYapDUIAVE5g=="
    },
    "@pixi/runner": {
      "version": "7.3.0",
      "resolved": "https://registry.npmjs.org/@pixi/runner/-/runner-7.3.0.tgz",
      "integrity": "sha512-U0qQk5yhZcCYQVm444IO604aoe1TivQjKeaAYaEpxNyEbSJ2/rEIQEttrnw6JXnm6a0ycI8iBtweDthnpyatqA=="
    },
    "@pixi/settings": {
      "version": "7.3.0",
      "resolved": "https://registry.npmjs.org/@pixi/settings/-/settings-7.3.0.tgz",
      "integrity": "sha512-x8Tms/DBnedbJBjkP4VHqyBckqXqJnoAfoayqEcFrqNDQa+1qkr1UnyPj3l4eiEPhY8cEUBz1wSZnhM7R4XcDw==",
      "requires": {
        "@pixi/constants": "7.3.0",
        "@types/css-font-loading-module": "^0.0.7",
        "ismobilejs": "^1.1.0"
      }
    },
    "@pixi/sprite": {
      "version": "7.3.0",
      "resolved": "https://registry.npmjs.org/@pixi/sprite/-/sprite-7.3.0.tgz",
      "integrity": "sha512-3hJveyaxJ9jmZiyOo/Wfmh0Lje7eElF0FoqPl9mfNCXz1TKHSmWqHste+1LimqnThTiUhruJqwUq8h5o1DKLuw=="
    },
    "@pixi/sprite-animated": {
      "version": "7.3.0",
      "resolved": "https://registry.npmjs.org/@pixi/sprite-animated/-/sprite-animated-7.3.0.tgz",
      "integrity": "sha512-K8KCViX0BeYwZyN0IVcvCYtTSoKoAKtNPH5/EYhSPwRsFDq/3kqW/pVx7Mgh/+MM4fyIuweVd9IHxMCjYh7LKw=="
    },
    "@pixi/sprite-tiling": {
      "version": "7.3.0",
      "resolved": "https://registry.npmjs.org/@pixi/sprite-tiling/-/sprite-tiling-7.3.0.tgz",
      "integrity": "sha512-9ktdL5LU2xq5ZORq8iRpyb5qz7josU6rmwCPggAAuuIS0HHt5HvmWRnklTjCL634FvkzbwlD3+DZnJ842qFRFA=="
    },
    "@pixi/spritesheet": {
      "version": "7.3.0",
      "resolved": "https://registry.npmjs.org/@pixi/spritesheet/-/spritesheet-7.3.0.tgz",
      "integrity": "sha512-BloKplTxlM0cX1O60wW7upKPdzrVarYcRg/8+VTwlOpl2inHj/sVloyqOsNoG2eGVHgW3dl0yaeYiJQH/HzQQA=="
    },
    "@pixi/text": {
      "version": "7.3.0",
      "resolved": "https://registry.npmjs.org/@pixi/text/-/text-7.3.0.tgz",
      "integrity": "sha512-oShmP5CvATLJecK54i2YqwzKAkx8VRgpPqXk3m/gWvF+cs9i9AqCMV3sO5J6xdcCnc+Zb61hjX07J39+QxDqWg=="
    },
    "@pixi/text-bitmap": {
      "version": "7.3.0",
      "resolved": "https://registry.npmjs.org/@pixi/text-bitmap/-/text-bitmap-7.3.0.tgz",
      "integrity": "sha512-o0EnbnR4zhSceLjl2i33yjz2R5Xm/r35ieuGE6CPDUiiTKG8J5fGhccieRpZ1ucr/dJ3B1JkYQq9QTbBFr5dMg=="
    },
    "@pixi/text-html": {
      "version": "7.3.0",
      "resolved": "https://registry.npmjs.org/@pixi/text-html/-/text-html-7.3.0.tgz",
      "integrity": "sha512-0RAsNz0ps/Q3yy4Tp7RZaJ9GxQJcVUox4N+I809AI0zwLhlBQClJdzSbjBfCEAzK24K8SQ+MJcDlsH3P+O8RGQ=="
    },
    "@pixi/ticker": {
      "version": "7.3.0",
      "resolved": "https://registry.npmjs.org/@pixi/ticker/-/ticker-7.3.0.tgz",
      "integrity": "sha512-F77FpONHOn5JkZRMHUM8bXLLIG+Czve7zxOqb1Mk57QHLADhcHP88Kj2eYu9E7zJu4Flx51nyTdmVWQgQXW96g==",
      "requires": {
        "@pixi/extensions": "7.3.0",
        "@pixi/settings": "7.3.0",
        "@pixi/utils": "7.3.0"
      }
    },
    "@pixi/utils": {
      "version": "7.3.0",
      "resolved": "https://registry.npmjs.org/@pixi/utils/-/utils-7.3.0.tgz",
      "integrity": "sha512-syUi0UuJslUAs3PkZKycliND1Fs0cX3c+s2YyVTiRRRvuM81LvjrG/1AqKFhNaav7oYapBOQBWjgzBGv3wmM/A==",
      "requires": {
        "@pixi/color": "7.3.0",
        "@pixi/constants": "7.3.0",
        "@pixi/settings": "7.3.0",
        "@types/earcut": "^2.1.0",
        "earcut": "^2.2.4",
        "eventemitter3": "^4.0.0",
        "url": "^0.11.0"
      }
    },
    "@types/css-font-loading-module": {
      "version": "0.0.7",
      "resolved": "https://registry.npmjs.org/@types/css-font-loading-module/-/css-font-loading-module-0.0.7.tgz",
      "integrity": "sha512-nl09VhutdjINdWyXxHWN/w9zlNCfr60JUqJbd24YXUuCwgeL0TpFSdElCwb6cxfB6ybE19Gjj4g0jsgkXxKv1Q=="
    },
    "@types/earcut": {
      "version": "2.1.1",
      "resolved": "https://registry.npmjs.org/@types/earcut/-/earcut-2.1.1.tgz",
      "integrity": "sha512-w8oigUCDjElRHRRrMvn/spybSMyX8MTkKA5Dv+tS1IE/TgmNZPqUYtvYBXGY8cieSE66gm+szeK+bnbxC2xHTQ=="
    },
    "@types/offscreencanvas": {
      "version": "2019.7.1",
      "resolved": "https://registry.npmjs.org/@types/offscreencanvas/-/offscreencanvas-2019.7.1.tgz",
      "integrity": "sha512-+HSrJgjBW77ALieQdMJvXhRZUIRN1597L+BKvsyeiIlHHERnqjcuOLyodK3auJ3Y3zRezNKtKAhuQWYJfEgFHQ=="
    },
    "@vitejs/plugin-vue": {
      "version": "4.3.4",
      "resolved": "https://registry.npmjs.org/@vitejs/plugin-vue/-/plugin-vue-4.3.4.tgz",
      "integrity": "sha512-ciXNIHKPriERBisHFBvnTbfKa6r9SAesOYXeGDzgegcvy9Q4xdScSHAmKbNT0M3O0S9LKhIf5/G+UYG4NnnzYw==",
      "dev": true
    },
    "@vue/compiler-core": {
      "version": "3.3.4",
      "resolved": "https://registry.npmjs.org/@vue/compiler-core/-/compiler-core-3.3.4.tgz",
      "integrity": "sha512-cquyDNvZ6jTbf/+x+AgM2Arrp6G4Dzbb0R64jiG804HRMfRiFXWI6kqUVqZ6ZR0bQhIoQjB4+2bhNtVwndW15g==",
      "requires": {
        "@babel/parser": "^7.21.3",
        "@vue/shared": "3.3.4",
        "estree-walker": "^2.0.2",
        "source-map-js": "^1.0.2"
      }
    },
    "@vue/compiler-dom": {
      "version": "3.3.4",
      "resolved": "https://registry.npmjs.org/@vue/compiler-dom/-/compiler-dom-3.3.4.tgz",
      "integrity": "sha512-wyM+OjOVpuUukIq6p5+nwHYtj9cFroz9cwkfmP9O1nzH68BenTTv0u7/ndggT8cIQlnBeOo6sUT/gvHcIkLA5w==",
      "requires": {
        "@vue/compiler-core": "3.3.4",
        "@vue/shared": "3.3.4"
      }
    },
    "@vue/compiler-sfc": {
      "version": "3.3.4",
      "resolved": "https://registry.npmjs.org/@vue/compiler-sfc/-/compiler-sfc-3.3.4.tgz",
      "integrity": "sha512-6y/d8uw+5TkCuzBkgLS0v3lSM3hJDntFEiUORM11pQ/hKvkhSKZrXW6i69UyXlJQisJxuUEJKAWEqWbWsLeNKQ==",
      "requires": {
        "@babel/parser": "^7.20.15",
        "@vue/compiler-core": "3.3.4",
        "@vue/compiler-dom": "3.3.4",
        "@vue/compiler-ssr": "3.3.4",
        "@vue/reactivity-transform": "3.3.4",
        "@vue/shared": "3.3.4",
        "estree-walker": "^2.0.2",
        "magic-string": "^0.30.0",
        "postcss": "^8.1.10",
        "source-map-js": "^1.0.2"
      }
    },
    "@vue/compiler-ssr": {
      "version": "3.3.4",
      "resolved": "https://registry.npmjs.org/@vue/compiler-ssr/-/compiler-ssr-3.3.4.tgz",
      "integrity": "sha512-m0v6oKpup2nMSehwA6Uuu+j+wEwcy7QmwMkVNVfrV9P2qE5KshC6RwOCq8fjGS/Eak/uNb8AaWekfiXxbBB6gQ==",
      "requires": {
        "@vue/compiler-dom": "3.3.4",
        "@vue/shared": "3.3.4"
      }
    },
    "@vue/reactivity": {
      "version": "3.3.4",
      "resolved": "https://registry.npmjs.org/@vue/reactivity/-/reactivity-3.3.4.tgz",
      "integrity": "sha512-kLTDLwd0B1jG08NBF3R5rqULtv/f8x3rOFByTDz4J53ttIQEDmALqKqXY0J+XQeN0aV2FBxY8nJDf88yvOPAqQ==",
      "requires": {
        "@vue/shared": "3.3.4"
      }
    },
    "@vue/reactivity-transform": {
      "version": "3.3.4",
      "resolved": "https://registry.npmjs.org/@vue/reactivity-transform/-/reactivity-transform-3.3.4.tgz",
      "integrity": "sha512-MXgwjako4nu5WFLAjpBnCj/ieqcjE2aJBINUNQzkZQfzIZA4xn+0fV1tIYBJvvva3N3OvKGofRLvQIwEQPpaXw==",
      "requires": {
        "@babel/parser": "^7.20.15",
        "@vue/compiler-core": "3.3.4",
        "@vue/shared": "3.3.4",
        "estree-walker": "^2.0.2",
        "magic-string": "^0.30.0"
      }
    },
    "@vue/runtime-core": {
      "version": "3.3.4",
      "resolved": "https://registry.npmjs.org/@vue/runtime-core/-/runtime-core-3.3.4.tgz",
      "integrity": "sha512-R+bqxMN6pWO7zGI4OMlmvePOdP2c93GsHFM/siJI7O2nxFRzj55pLwkpCedEY+bTMgp5miZ8CxfIZo3S+gFqvA==",
      "requires": {
        "@vue/reactivity": "3.3.4",
        "@vue/shared": "3.3.4"
      }
    },
    "@vue/runtime-dom": {
      "version": "3.3.4",
      "resolved": "https://registry.npmjs.org/@vue/runtime-dom/-/runtime-dom-3.3.4.tgz",
      "integrity": "sha512-Aj5bTJ3u5sFsUckRghsNjVTtxZQ1OyMWCr5dZRAPijF/0Vy4xEoRCwLyHXcj4D0UFbJ4lbx3gPTgg06K/GnPnQ==",
      "requires": {
        "@vue/runtime-core": "3.3.4",
        "@vue/shared": "3.3.4",
        "csstype": "^3.1.1"
      }
    },
    "@vue/server-renderer": {
      "version": "3.3.4",
      "resolved": "https://registry.npmjs.org/@vue/server-renderer/-/server-renderer-3.3.4.tgz",
      "integrity": "sha512-Q6jDDzR23ViIb67v+vM1Dqntu+HUexQcsWKhhQa4ARVzxOY2HbC7QRW/ggkDBd5BU+uM1sV6XOAP0b216o34JQ==",
      "requires": {
        "@vue/compiler-ssr": "3.3.4",
        "@vue/shared": "3.3.4"
      }
    },
    "@vue/shared": {
      "version": "3.3.4",
      "resolved": "https://registry.npmjs.org/@vue/shared/-/shared-3.3.4.tgz",
      "integrity": "sha512-7OjdcV8vQ74eiz1TZLzZP4JwqM5fA94K6yntPS5Z25r9HDuGNzaGdgvwKYq6S+MxwF0TFRwe50fIR/MYnakdkQ=="
    },
    "call-bind": {
      "version": "1.0.2",
      "resolved": "https://registry.npmjs.org/call-bind/-/call-bind-1.0.2.tgz",
      "integrity": "sha512-7O+FbCihrB5WGbFYesctwmTKae6rOiIzmz1icreWJ+0aA7LJfuqhEso2T9ncpcFtzMQtzXf2QGGueWJGTYsqrA==",
      "requires": {
        "function-bind": "^1.1.1",
        "get-intrinsic": "^1.0.2"
      }
    },
    "colord": {
      "version": "2.9.3",
      "resolved": "https://registry.npmjs.org/colord/-/colord-2.9.3.tgz",
      "integrity": "sha512-jeC1axXpnb0/2nn/Y1LPuLdgXBLH7aDcHu4KEKfqw3CUhX7ZpfBSlPKyqXE6btIgEzfWtrX3/tyBCaCvXvMkOw=="
    },
    "csstype": {
      "version": "3.1.2",
      "resolved": "https://registry.npmjs.org/csstype/-/csstype-3.1.2.tgz",
      "integrity": "sha512-I7K1Uu0MBPzaFKg4nI5Q7Vs2t+3gWWW648spaF+Rg7pI9ds18Ugn+lvg4SHczUdKlHI5LWBXyqfS8+DufyBsgQ=="
    },
    "earcut": {
      "version": "2.2.4",
      "resolved": "https://registry.npmjs.org/earcut/-/earcut-2.2.4.tgz",
      "integrity": "sha512-/pjZsA1b4RPHbeWZQn66SWS8nZZWLQQ23oE3Eam7aroEFGEvwKAsJfZ9ytiEMycfzXWpca4FA9QIOehf7PocBQ=="
    },
    "esbuild": {
      "version": "0.18.20",
      "resolved": "https://registry.npmjs.org/esbuild/-/esbuild-0.18.20.tgz",
      "integrity": "sha512-ceqxoedUrcayh7Y7ZX6NdbbDzGROiyVBgC4PriJThBKSVPWnnFHZAkfI1lJT8QFkOwH4qOS2SJkS4wvpGl8BpA==",
      "dev": true,
      "requires": {
        "@esbuild/android-arm": "0.18.20",
        "@esbuild/android-arm64": "0.18.20",
        "@esbuild/android-x64": "0.18.20",
        "@esbuild/darwin-arm64": "0.18.20",
        "@esbuild/darwin-x64": "0.18.20",
        "@esbuild/freebsd-arm64": "0.18.20",
        "@esbuild/freebsd-x64": "0.18.20",
        "@esbuild/linux-arm": "0.18.20",
        "@esbuild/linux-arm64": "0.18.20",
        "@esbuild/linux-ia32": "0.18.20",
        "@esbuild/linux-loong64": "0.18.20",
        "@esbuild/linux-mips64el": "0.18.20",
        "@esbuild/linux-ppc64": "0.18.20",
        "@esbuild/linux-riscv64": "0.18.20",
        "@esbuild/linux-s390x": "0.18.20",
        "@esbuild/linux-x64": "0.18.20",
        "@esbuild/netbsd-x64": "0.18.20",
        "@esbuild/openbsd-x64": "0.18.20",
        "@esbuild/sunos-x64": "0.18.20",
        "@esbuild/win32-arm64": "0.18.20",
        "@esbuild/win32-ia32": "0.18.20",
        "@esbuild/win32-x64": "0.18.20"
      }
    },
    "estree-walker": {
      "version": "2.0.2",
      "resolved": "https://registry.npmjs.org/estree-walker/-/estree-walker-2.0.2.tgz",
      "integrity": "sha512-Rfkk/Mp/DL7JVje3u18FxFujQlTNR2q6QfMSMB7AvCBx91NGj/ba3kCfza0f6dVDbw7YlRf/nDrn7pQrCCyQ/w=="
    },
    "eventemitter3": {
      "version": "4.0.7",
      "resolved": "https://registry.npmjs.org/eventemitter3/-/eventemitter3-4.0.7.tgz",
      "integrity": "sha512-8guHBZCwKnFhYdHr2ysuRWErTwhoN2X8XELRlrRwpmfeY2jjuUN4taQMsULKUVo1K4DvZl+0pgfyoysHxvmvEw=="
    },
    "fsevents": {
      "version": "2.3.3",
      "resolved": "https://registry.npmjs.org/fsevents/-/fsevents-2.3.3.tgz",
      "integrity": "sha512-5xoDfX+fL7faATnagmWPpbFtwh/R77WmMMqqHGS65C3vvB0YHrgF+B1YmZ3441tMj5n63k0212XNoJwzlhffQw==",
      "dev": true,
      "optional": true
    },
    "function-bind": {
      "version": "1.1.1",
      "resolved": "https://registry.npmjs.org/function-bind/-/function-bind-1.1.1.tgz",
      "integrity": "sha512-yIovAzMX49sF8Yl58fSCWJ5svSLuaibPxXQJFLmBObTuCr0Mf1KiPopGM9NiFjiYBCbfaa2Fh6breQ6ANVTI0A=="
    },
    "get-intrinsic": {
      "version": "1.2.1",
      "resolved": "https://registry.npmjs.org/get-intrinsic/-/get-intrinsic-1.2.1.tgz",
      "integrity": "sha512-2DcsyfABl+gVHEfCOaTrWgyt+tb6MSEGmKq+kI5HwLbIYgjgmMcV8KQ41uaKz1xxUcn9tJtgFbQUEVcEbd0FYw==",
      "requires": {
        "function-bind": "^1.1.1",
        "has": "^1.0.3",
        "has-proto": "^1.0.1",
        "has-symbols": "^1.0.3"
      }
    },
    "has": {
      "version": "1.0.3",
      "resolved": "https://registry.npmjs.org/has/-/has-1.0.3.tgz",
      "integrity": "sha512-f2dvO0VU6Oej7RkWJGrehjbzMAjFp5/VKPp5tTpWIV4JHHZK1/BxbFRtf/siA2SWTe09caDmVtYYzWEIbBS4zw==",
      "requires": {
        "function-bind": "^1.1.1"
      }
    },
    "has-proto": {
      "version": "1.0.1",
      "resolved": "https://registry.npmjs.org/has-proto/-/has-proto-1.0.1.tgz",
      "integrity": "sha512-7qE+iP+O+bgF9clE5+UoBFzE65mlBiVj3tKCrlNQ0Ogwm0BjpT/gK4SlLYDMybDh5I3TCTKnPPa0oMG7JDYrhg=="
    },
    "has-symbols": {
      "version": "1.0.3",
      "resolved": "https://registry.npmjs.org/has-symbols/-/has-symbols-1.0.3.tgz",
      "integrity": "sha512-l3LCuF6MgDNwTDKkdYGEihYjt5pRPbEg46rtlmnSPlUbgmB8LOIrKJbYYFBSbnPaJexMKtiPO8hmeRjRz2Td+A=="
    },
    "ismobilejs": {
      "version": "1.1.1",
      "resolved": "https://registry.npmjs.org/ismobilejs/-/ismobilejs-1.1.1.tgz",
      "integrity": "sha512-VaFW53yt8QO61k2WJui0dHf4SlL8lxBofUuUmwBo0ljPk0Drz2TiuDW4jo3wDcv41qy/SxrJ+VAzJ/qYqsmzRw=="
    },
    "magic-string": {
      "version": "0.30.3",
      "resolved": "https://registry.npmjs.org/magic-string/-/magic-string-0.30.3.tgz",
      "integrity": "sha512-B7xGbll2fG/VjP+SWg4sX3JynwIU0mjoTc6MPpKNuIvftk6u6vqhDnk1R80b8C2GBR6ywqy+1DcKBrevBg+bmw==",
      "requires": {
        "@jridgewell/sourcemap-codec": "^1.4.15"
      }
    },
    "nanoid": {
      "version": "3.3.6",
      "resolved": "https://registry.npmjs.org/nanoid/-/nanoid-3.3.6.tgz",
      "integrity": "sha512-BGcqMMJuToF7i1rt+2PWSNVnWIkGCU78jBG3RxO/bZlnZPK2Cmi2QaffxGO/2RvWi9sL+FAiRiXMgsyxQ1DIDA=="
    },
    "object-inspect": {
      "version": "1.12.3",
      "resolved": "https://registry.npmjs.org/object-inspect/-/object-inspect-1.12.3.tgz",
      "integrity": "sha512-geUvdk7c+eizMNUDkRpW1wJwgfOiOeHbxBR/hLXK1aT6zmVSO0jsQcs7fj6MGw89jC/cjGfLcNOrtMYtGqm81g=="
    },
    "picocolors": {
      "version": "1.0.0",
      "resolved": "https://registry.npmjs.org/picocolors/-/picocolors-1.0.0.tgz",
      "integrity": "sha512-1fygroTLlHu66zi26VoTDv8yRgm0Fccecssto+MhsZ0D/DGW2sm8E8AjW7NU5VVTRt5GxbeZ5qBuJr+HyLYkjQ=="
    },
    "pixi.js": {
      "version": "7.3.0",
      "resolved": "https://registry.npmjs.org/pixi.js/-/pixi.js-7.3.0.tgz",
      "integrity": "sha512-lygiK+RQxFyVY8fiRMSh1sTkjWvWPadbLf7zndoQBuVNtfa9wi+53q4xx7hQQ04ndAUazLA05xNi2BFdbitOeg==",
      "requires": {
        "@pixi/accessibility": "7.3.0",
        "@pixi/app": "7.3.0",
        "@pixi/assets": "7.3.0",
        "@pixi/compressed-textures": "7.3.0",
        "@pixi/core": "7.3.0",
        "@pixi/display": "7.3.0",
        "@pixi/events": "7.3.0",
        "@pixi/extensions": "7.3.0",
        "@pixi/extract": "7.3.0",
        "@pixi/filter-alpha": "7.3.0",
        "@pixi/filter-blur": "7.3.0",
        "@pixi/filter-color-matrix": "7.3.0",
        "@pixi/filter-displacement": "7.3.0",
        "@pixi/filter-fxaa": "7.3.0",
        "@pixi/filter-noise": "7.3.0",
        "@pixi/graphics": "7.3.0",
        "@pixi/mesh": "7.3.0",
        "@pixi/mesh-extras": "7.3.0",
        "@pixi/mixin-cache-as-bitmap": "7.3.0",
        "@pixi/mixin-get-child-by-name": "7.3.0",
        "@pixi/mixin-get-global-position": "7.3.0",
        "@pixi/particle-container": "7.3.0",
        "@pixi/prepare": "7.3.0",
        "@pixi/sprite": "7.3.0",
        "@pixi/sprite-animated": "7.3.0",
        "@pixi/sprite-tiling": "7.3.0",
        "@pixi/spritesheet": "7.3.0",
        "@pixi/text": "7.3.0",
        "@pixi/text-bitmap": "7.3.0",
        "@pixi/text-html": "7.3.0"
      }
    },
    "postcss": {
      "version": "8.4.30",
      "resolved": "https://registry.npmjs.org/postcss/-/postcss-8.4.30.tgz",
      "integrity": "sha512-7ZEao1g4kd68l97aWG/etQKPKq07us0ieSZ2TnFDk11i0ZfDW2AwKHYU8qv4MZKqN2fdBfg+7q0ES06UA73C1g==",
      "requires": {
        "nanoid": "^3.3.6",
        "picocolors": "^1.0.0",
        "source-map-js": "^1.0.2"
      }
    },
    "punycode": {
      "version": "1.4.1",
      "resolved": "https://registry.npmjs.org/punycode/-/punycode-1.4.1.tgz",
      "integrity": "sha512-jmYNElW7yvO7TV33CjSmvSiE2yco3bV2czu/OzDKdMNVZQWfxCblURLhf+47syQRBntjfLdd/H0egrzIG+oaFQ=="
    },
    "qs": {
      "version": "6.11.2",
      "resolved": "https://registry.npmjs.org/qs/-/qs-6.11.2.tgz",
      "integrity": "sha512-tDNIz22aBzCDxLtVH++VnTfzxlfeK5CbqohpSqpJgj1Wg/cQbStNAz3NuqCs5vV+pjBsK4x4pN9HlVh7rcYRiA==",
      "requires": {
        "side-channel": "^1.0.4"
      }
    },
    "rollup": {
      "version": "3.29.2",
      "resolved": "https://registry.npmjs.org/rollup/-/rollup-3.29.2.tgz",
      "integrity": "sha512-CJouHoZ27v6siztc21eEQGo0kIcE5D1gVPA571ez0mMYb25LGYGKnVNXpEj5MGlepmDWGXNjDB5q7uNiPHC11A==",
      "dev": true,
      "requires": {
        "fsevents": "~2.3.2"
      }
    },
    "side-channel": {
      "version": "1.0.4",
      "resolved": "https://registry.npmjs.org/side-channel/-/side-channel-1.0.4.tgz",
      "integrity": "sha512-q5XPytqFEIKHkGdiMIrY10mvLRvnQh42/+GoBlFW3b2LXLE2xxJpZFdm94we0BaoV3RwJyGqg5wS7epxTv0Zvw==",
      "requires": {
        "call-bind": "^1.0.0",
        "get-intrinsic": "^1.0.2",
        "object-inspect": "^1.9.0"
      }
    },
    "source-map-js": {
      "version": "1.0.2",
      "resolved": "https://registry.npmjs.org/source-map-js/-/source-map-js-1.0.2.tgz",
      "integrity": "sha512-R0XvVJ9WusLiqTCEiGCmICCMplcCkIwwR11mOSD9CR5u+IXYdiseeEuXCVAjS54zqwkLcPNnmU4OeJ6tUrWhDw=="
    },
    "url": {
      "version": "0.11.3",
      "resolved": "https://registry.npmjs.org/url/-/url-0.11.3.tgz",
      "integrity": "sha512-6hxOLGfZASQK/cijlZnZJTq8OXAkt/3YGfQX45vvMYXpZoo8NdWZcY73K108Jf759lS1Bv/8wXnHDTSz17dSRw==",
      "requires": {
        "punycode": "^1.4.1",
        "qs": "^6.11.2"
      }
    },
    "vite": {
      "version": "4.4.9",
      "resolved": "https://registry.npmjs.org/vite/-/vite-4.4.9.tgz",
      "integrity": "sha512-2mbUn2LlUmNASWwSCNSJ/EG2HuSRTnVNaydp6vMCm5VIqJsjMfbIWtbH2kDuwUVW5mMUKKZvGPX/rqeqVvv1XA==",
      "dev": true,
      "requires": {
        "esbuild": "^0.18.10",
        "fsevents": "~2.3.2",
        "postcss": "^8.4.27",
        "rollup": "^3.27.1"
      }
    },
    "vue": {
      "version": "3.3.4",
      "resolved": "https://registry.npmjs.org/vue/-/vue-3.3.4.tgz",
      "integrity": "sha512-VTyEYn3yvIeY1Py0WaYGZsXnz3y5UnGi62GjVEqvEGPl6nxbOrCXbVOTQWBEJUqAyTUk2uJ5JLVnYJ6ZzGbrSw==",
      "requires": {
        "@vue/compiler-dom": "3.3.4",
        "@vue/compiler-sfc": "3.3.4",
        "@vue/runtime-dom": "3.3.4",
        "@vue/server-renderer": "3.3.4",
        "@vue/shared": "3.3.4"
      }
    }
  }
}
